{
  "name": "kalia",
  "version": "1.12.0",
  "lockfileVersion": 1,
  "requires": true,
  "dependencies": {
    "balanced-match": {
      "version": "1.0.0",
      "resolved": "https://registry.npmjs.org/balanced-match/-/balanced-match-1.0.0.tgz",
      "integrity": "sha1-ibTRmasr7kneFk6gK4nORi1xt2c="
    },
    "parenthesis": {
      "version": "3.1.7",
      "resolved": "https://registry.npmjs.org/parenthesis/-/parenthesis-3.1.7.tgz",
      "integrity": "sha512-iMtu+HCbLXVrpf6Ys/4YKhcFxbux3xK4ZVB9r+a2kMSqeeQWQoDNYlXIsOjwlT2ldYXZ3k5PVeBnYn7fbAo/Bg=="
    }
  }
}
