# THIS IS AN AUTOGENERATED FILE. DO NOT EDIT THIS FILE DIRECTLY.
# yarn lockfile v1


"@babel/parser@7.8.8":
  version "7.8.8"
  resolved "https://registry.yarnpkg.com/@babel/parser/-/parser-7.8.8.tgz#4c3b7ce36db37e0629be1f0d50a571d2f86f6cd4"
  integrity sha512-mO5GWzBPsPf6865iIbzNE0AvkKF3NE+2S3eRUpE+FE07BOAkXh6G+GW/Pj01hhXjve1WScbaIO4UlY1JKeqCcA==

"@babel/types@7.8.7":
  version "7.8.7"
  resolved "https://registry.yarnpkg.com/@babel/types/-/types-7.8.7.tgz#1fc9729e1acbb2337d5b6977a63979b4819f5d1d"
  integrity sha512-k2TreEHxFA4CjGkL+GYjRyx35W0Mr7DP5+9q6WMkyKXB+904bYmG40syjMFV0oLlhhFCwWl0vA0DyzTDkwAiJw==
  dependencies:
    esutils "^2.0.2"
    lodash "^4.17.13"
    to-fast-properties "^2.0.0"

"@types/node@^12.11.7":
  version "12.12.30"
  resolved "https://registry.yarnpkg.com/@types/node/-/node-12.12.30.tgz#3501e6f09b954de9c404671cefdbcc5d9d7c45f6"
  integrity sha512-sz9MF/zk6qVr3pAnM0BSQvYIBK44tS75QC5N+VbWSE4DjCV/pJ+UzCW/F+vVnl7TkOPcuwQureKNtSSwjBTaMg==

"@types/vscode@^1.42.0":
  version "1.43.0"
  resolved "https://registry.yarnpkg.com/@types/vscode/-/vscode-1.43.0.tgz#22276e60034c693b33117f1068ffaac0e89522db"
  integrity sha512-kIaR9qzd80rJOxePKpCB/mdy00mz8Apt2QA5Y6rdrKFn13QNFNeP3Hzmsf37Bwh/3cS7QjtAeGSK7wSqAU0sYQ==

ast-types@0.13.2:
  version "0.13.2"
  resolved "https://registry.yarnpkg.com/ast-types/-/ast-types-0.13.2.tgz#df39b677a911a83f3a049644fb74fdded23cea48"
  integrity sha512-uWMHxJxtfj/1oZClOxDEV1sQ1HCDkA4MG8Gr69KKeBjEVH0R84WlejZ0y2DcwyBlpAEMltmVYkVgqfLFb2oyiA==

code-inspector@0.5.0:
  version "0.5.0"
  resolved "https://registry.yarnpkg.com/code-inspector/-/code-inspector-0.5.0.tgz#f37dcd6b5cd21e47bc0d789aacfacbc4e3665936"
  integrity sha512-Bnv4idyM+tb0o9HGkhskHzSFBzScEN3LzunxIrUL9W/IvdCRZCzGUF/BCjJU+hHCqrUqB1ryFaKlVfI0xvmzaA==

esutils@^2.0.2:
  version "2.0.3"
  resolved "https://registry.yarnpkg.com/esutils/-/esutils-2.0.3.tgz#74d2eb4de0b8da1293711910d50775b9b710ef64"
  integrity sha512-kVscqXk4OCp68SZ0dkgEKVi6/8ij300KBWTJq32P/dYeWTSwK41WyTxalN1eRmA5Z9UU/LX9D7FWSmV9SAYx6g==

lodash@^4.17.13:
  version "4.17.15"
  resolved "https://registry.yarnpkg.com/lodash/-/lodash-4.17.15.tgz#b447f6670a0455bbfeedd11392eff330ea097548"
  integrity sha512-8xOcRHvCjnocdS5cpwXQXVzmmh5e5+saE2QGoeQmbKmRS6J3VQppPOIt0MnmE+4xlZoumy0GPG0D0MVIQbNA1A==

pairify@1.0.4:
  version "1.0.4"
  resolved "https://registry.yarnpkg.com/pairify/-/pairify-1.0.4.tgz#038ccc21d63255d0f4fc3b770e9d39a031656fab"
  integrity sha512-/53RS40kx4YzY08x9LEMkvkwlNq1/ZmELwaFJhWzFhoZMIytanyVGZkN75CZBBmR+kS944lrZTyyxm6hb2QbWg==

semver@^5.5.0:
  version "5.7.1"
  resolved "https://registry.yarnpkg.com/semver/-/semver-5.7.1.tgz#a954f931aeba508d307bbf069eff0c01c96116f7"
  integrity sha512-sauaDf/PZdVgrLTNYHRtpXa1iRiKcaebiKQ1BJdpQlWH2lCvexQdX55snPFyK7QzpudqbCI0qXFfOasHdyNDGQ==

to-fast-properties@^2.0.0:
  version "2.0.0"
  resolved "https://registry.yarnpkg.com/to-fast-properties/-/to-fast-properties-2.0.0.tgz#dc5e698cbd079265bc73e0377681a4e4e83f616e"
  integrity sha1-3F5pjL0HkmW8c+A3doGk5Og/YW4=

typescript@3.8.3:
  version "3.8.3"
  resolved "https://registry.yarnpkg.com/typescript/-/typescript-3.8.3.tgz#409eb8544ea0335711205869ec458ab109ee1061"
  integrity sha512-MYlEfn5VrLNsgudQTVJeNaQFUAI7DkhnOjdpAp4T+ku1TfQClewlbSuTVHiA+8skNBgaf02TL/kLOvig4y3G8w==

vscode-jsonrpc@^4.0.0:
  version "4.0.0"
  resolved "https://registry.yarnpkg.com/vscode-jsonrpc/-/vscode-jsonrpc-4.0.0.tgz#a7bf74ef3254d0a0c272fab15c82128e378b3be9"
  integrity sha512-perEnXQdQOJMTDFNv+UF3h1Y0z4iSiaN9jIlb0OqIYgosPCZGYh/MCUlkFtV2668PL69lRDO32hmvL2yiidUYg==

vscode-languageclient@5.2.1:
  version "5.2.1"
  resolved "https://registry.yarnpkg.com/vscode-languageclient/-/vscode-languageclient-5.2.1.tgz#7cfc83a294c409f58cfa2b910a8cfeaad0397193"
  integrity sha512-7jrS/9WnV0ruqPamN1nE7qCxn0phkH5LjSgSp9h6qoJGoeAKzwKz/PF6M+iGA/aklx4GLZg1prddhEPQtuXI1Q==
  dependencies:
    semver "^5.5.0"
    vscode-languageserver-protocol "3.14.1"

vscode-languageserver-protocol@3.14.1:
  version "3.14.1"
  resolved "https://registry.yarnpkg.com/vscode-languageserver-protocol/-/vscode-languageserver-protocol-3.14.1.tgz#b8aab6afae2849c84a8983d39a1cf742417afe2f"
  integrity sha512-IL66BLb2g20uIKog5Y2dQ0IiigW0XKrvmWiOvc0yXw80z3tMEzEnHjaGAb3ENuU7MnQqgnYJ1Cl2l9RvNgDi4g==
  dependencies:
    vscode-jsonrpc "^4.0.0"
    vscode-languageserver-types "3.14.0"

vscode-languageserver-types@3.14.0:
  version "3.14.0"
  resolved "https://registry.yarnpkg.com/vscode-languageserver-types/-/vscode-languageserver-types-3.14.0.tgz#d3b5952246d30e5241592b6dde8280e03942e743"
  integrity sha512-lTmS6AlAlMHOvPQemVwo3CezxBp0sNB95KNPkqp3Nxd5VFEnuG1ByM0zlRWos0zjO3ZWtkvhal0COgiV1xIA4A==

vscode-languageserver@5.2.1:
  version "5.2.1"
  resolved "https://registry.yarnpkg.com/vscode-languageserver/-/vscode-languageserver-5.2.1.tgz#0d2feddd33f92aadf5da32450df498d52f6f14eb"
  integrity sha512-GuayqdKZqAwwaCUjDvMTAVRPJOp/SLON3mJ07eGsx/Iq9HjRymhKWztX41rISqDKhHVVyFM+IywICyZDla6U3A==
  dependencies:
    vscode-languageserver-protocol "3.14.1"
    vscode-uri "^1.0.6"

vscode-uri@^1.0.6:
  version "1.0.8"
  resolved "https://registry.yarnpkg.com/vscode-uri/-/vscode-uri-1.0.8.tgz#9769aaececae4026fb6e22359cb38946580ded59"
  integrity sha512-obtSWTlbJ+a+TFRYGaUumtVwb+InIUVI0Lu0VBUAPmj2cU5JutEXg3xUE0c2J5Tcy7h2DEKVJBFi+Y9ZSFzzPQ==
